
Microsoft Visual Studio Solution File, Format Version 12.00
# Visual Studio Version 16
VisualStudioVersion = 16.0.29920.165
MinimumVisualStudioVersion = 10.0.40219.1
Project("{FAE04EC0-301F-11D3-BF4B-00C04F79EFBC}") = "WpfApp7", "WpfApp7\WpfApp7.csproj", "{23A7B24B-9CFE-466D-AF47-0291157C571A}"
EndProject
Project("{FAE04EC0-301F-11D3-BF4B-00C04F79EFBC}") = "WpfApp1", "WpfApp1\WpfApp1.csproj", "{329639B1-9788-4339-B061-A9247E3BA7EC}"
EndProject
Project("{FAE04EC0-301F-11D3-BF4B-00C04F79EFBC}") = "WpfApp2", "WpfApp2\WpfApp2.csproj", "{E389EA3C-6314-4229-9A0E-03E175FAD7D3}"
EndProject
Global
	GlobalSection(SolutionConfigurationPlatforms) = preSolution
		Debug|Any CPU = Debug|Any CPU
		Release|Any CPU = Release|Any CPU
	EndGlobalSection
	GlobalSection(ProjectConfigurationPlatforms) = postSolution
		{23A7B24B-9CFE-466D-AF47-0291157C571A}.Debug|Any CPU.ActiveCfg = Debug|Any CPU
		{23A7B24B-9CFE-466D-AF47-0291157C571A}.Debug|Any CPU.Build.0 = Debug|Any CPU
		{23A7B24B-9CFE-466D-AF47-0291157C571A}.Release|Any CPU.ActiveCfg = Release|Any CPU
		{23A7B24B-9CFE-466D-AF47-0291157C571A}.Release|Any CPU.Build.0 = Release|Any CPU
		{329639B1-9788-4339-B061-A9247E3BA7EC}.Debug|Any CPU.ActiveCfg = Debug|Any CPU
		{329639B1-9788-4339-B061-A9247E3BA7EC}.Debug|Any CPU.Build.0 = Debug|Any CPU
		{329639B1-9788-4339-B061-A9247E3BA7EC}.Release|Any CPU.ActiveCfg = Release|Any CPU
		{329639B1-9788-4339-B061-A9247E3BA7EC}.Release|Any CPU.Build.0 = Release|Any CPU
		{E389EA3C-6314-4229-9A0E-03E175FAD7D3}.Debug|Any CPU.ActiveCfg = Debug|Any CPU
		{E389EA3C-6314-4229-9A0E-03E175FAD7D3}.Debug|Any CPU.Build.0 = Debug|Any CPU
		{E389EA3C-6314-4229-9A0E-03E175FAD7D3}.Release|Any CPU.ActiveCfg = Release|Any CPU
		{E389EA3C-6314-4229-9A0E-03E175FAD7D3}.Release|Any CPU.Build.0 = Release|Any CPU
	EndGlobalSection
	GlobalSection(SolutionProperties) = preSolution
		HideSolutionNode = FALSE
	EndGlobalSection
	GlobalSection(ExtensibilityGlobals) = postSolution
		SolutionGuid = {EB79DEA4-2A1F-410C-B41D-AF2D708A5D60}
	EndGlobalSection
EndGlobal
