
Microsoft Visual Studio Solution File, Format Version 12.00
# Visual Studio Version 16
VisualStudioVersion = 16.0.29920.165
MinimumVisualStudioVersion = 10.0.40219.1
Project("{FAE04EC0-301F-11D3-BF4B-00C04F79EFBC}") = "WpfApp7", "WpfApp7\WpfApp7.csproj", "{23A7B24B-9CFE-466D-AF47-0291157C571A}"
EndProject
Project("{FAE04EC0-301F-11D3-BF4B-00C04F79EFBC}") = "WpfApp1", "WpfApp1\WpfApp1.csproj", "{329639B1-9788-4339-B061-A9247E3BA7EC}"
EndProject
Project("{FAE04EC0-301F-11D3-BF4B-00C04F79EFBC}") = "WpfApp2", "WpfApp2\WpfApp2.csproj", "{E389EA3C-6314-4229-9A0E-03E175FAD7D3}"
EndProject
Project("{FAE04EC0-301F-11D3-BF4B-00C04F79EFBC}") = "WpfApp3", "WpfApp3\WpfApp3.csproj", "{AC3223C1-FC31-4E20-9D07-C83C726616B2}"
EndProject
Project("{FAE04EC0-301F-11D3-BF4B-00C04F79EFBC}") = "WpfApp4", "WpfApp4\WpfApp4.csproj", "{6462AD3C-B428-4E80-A67F-8F996C5BE412}"
EndProject
Project("{FAE04EC0-301F-11D3-BF4B-00C04F79EFBC}") = "ConsoleApp1", "ConsoleApp1\ConsoleApp1.csproj", "{E19B243D-528B-40CE-A33D-0232138598E8}"
EndProject
Project("{FAE04EC0-301F-11D3-BF4B-00C04F79EFBC}") = "WpfApp5", "WpfApp5\WpfApp5.csproj", "{46B0DA08-0BDB-40EA-B5CD-B5ED84C1F8E5}"
EndProject
Project("{FAE04EC0-301F-11D3-BF4B-00C04F79EFBC}") = "WpfApp6", "WpfApp6\WpfApp6.csproj", "{05B8FD06-1A31-44E7-8BDC-60A7C99B15B8}"
EndProject
Project("{FAE04EC0-301F-11D3-BF4B-00C04F79EFBC}") = "WpfApp8", "WpfApp8\WpfApp8.csproj", "{AE8C25E8-00FD-4874-9673-550132E4F1A9}"
EndProject
Project("{FAE04EC0-301F-11D3-BF4B-00C04F79EFBC}") = "WpfApp9", "WpfApp9\WpfApp9.csproj", "{614BC5D6-7F39-459B-A1F1-E3FCD905054D}"
EndProject
Project("{F184B08F-C81C-45F6-A57F-5ABD9991F28F}") = "WebApplication1", "WebApplication1\WebApplication1.vbproj", "{1CF43AD6-7858-4527-9435-644D9DA86146}"
EndProject
Project("{FAE04EC0-301F-11D3-BF4B-00C04F79EFBC}") = "WpfApp10", "WpfApp10\WpfApp10.csproj", "{056E6BF1-CBDD-4590-9594-CD8A6F8D190E}"
EndProject
Project("{FAE04EC0-301F-11D3-BF4B-00C04F79EFBC}") = "WpfApp11", "WpfApp11\WpfApp11.csproj", "{B809CBBD-897B-4BC1-94D3-8EE71E3A46B1}"
EndProject
Global
	GlobalSection(SolutionConfigurationPlatforms) = preSolution
		Debug|Any CPU = Debug|Any CPU
		Release|Any CPU = Release|Any CPU
	EndGlobalSection
	GlobalSection(ProjectConfigurationPlatforms) = postSolution
		{23A7B24B-9CFE-466D-AF47-0291157C571A}.Debug|Any CPU.ActiveCfg = Debug|Any CPU
		{23A7B24B-9CFE-466D-AF47-0291157C571A}.Debug|Any CPU.Build.0 = Debug|Any CPU
		{23A7B24B-9CFE-466D-AF47-0291157C571A}.Release|Any CPU.ActiveCfg = Release|Any CPU
		{23A7B24B-9CFE-466D-AF47-0291157C571A}.Release|Any CPU.Build.0 = Release|Any CPU
		{329639B1-9788-4339-B061-A9247E3BA7EC}.Debug|Any CPU.ActiveCfg = Debug|Any CPU
		{329639B1-9788-4339-B061-A9247E3BA7EC}.Debug|Any CPU.Build.0 = Debug|Any CPU
		{329639B1-9788-4339-B061-A9247E3BA7EC}.Release|Any CPU.ActiveCfg = Release|Any CPU
		{329639B1-9788-4339-B061-A9247E3BA7EC}.Release|Any CPU.Build.0 = Release|Any CPU
		{E389EA3C-6314-4229-9A0E-03E175FAD7D3}.Debug|Any CPU.ActiveCfg = Debug|Any CPU
		{E389EA3C-6314-4229-9A0E-03E175FAD7D3}.Debug|Any CPU.Build.0 = Debug|Any CPU
		{E389EA3C-6314-4229-9A0E-03E175FAD7D3}.Release|Any CPU.ActiveCfg = Release|Any CPU
		{E389EA3C-6314-4229-9A0E-03E175FAD7D3}.Release|Any CPU.Build.0 = Release|Any CPU
		{AC3223C1-FC31-4E20-9D07-C83C726616B2}.Debug|Any CPU.ActiveCfg = Debug|Any CPU
		{AC3223C1-FC31-4E20-9D07-C83C726616B2}.Debug|Any CPU.Build.0 = Debug|Any CPU
		{AC3223C1-FC31-4E20-9D07-C83C726616B2}.Release|Any CPU.ActiveCfg = Release|Any CPU
		{AC3223C1-FC31-4E20-9D07-C83C726616B2}.Release|Any CPU.Build.0 = Release|Any CPU
		{6462AD3C-B428-4E80-A67F-8F996C5BE412}.Debug|Any CPU.ActiveCfg = Debug|Any CPU
		{6462AD3C-B428-4E80-A67F-8F996C5BE412}.Debug|Any CPU.Build.0 = Debug|Any CPU
		{6462AD3C-B428-4E80-A67F-8F996C5BE412}.Release|Any CPU.ActiveCfg = Release|Any CPU
		{6462AD3C-B428-4E80-A67F-8F996C5BE412}.Release|Any CPU.Build.0 = Release|Any CPU
		{E19B243D-528B-40CE-A33D-0232138598E8}.Debug|Any CPU.ActiveCfg = Debug|Any CPU
		{E19B243D-528B-40CE-A33D-0232138598E8}.Debug|Any CPU.Build.0 = Debug|Any CPU
		{E19B243D-528B-40CE-A33D-0232138598E8}.Release|Any CPU.ActiveCfg = Release|Any CPU
		{E19B243D-528B-40CE-A33D-0232138598E8}.Release|Any CPU.Build.0 = Release|Any CPU
		{46B0DA08-0BDB-40EA-B5CD-B5ED84C1F8E5}.Debug|Any CPU.ActiveCfg = Debug|Any CPU
		{46B0DA08-0BDB-40EA-B5CD-B5ED84C1F8E5}.Debug|Any CPU.Build.0 = Debug|Any CPU
		{46B0DA08-0BDB-40EA-B5CD-B5ED84C1F8E5}.Release|Any CPU.ActiveCfg = Release|Any CPU
		{46B0DA08-0BDB-40EA-B5CD-B5ED84C1F8E5}.Release|Any CPU.Build.0 = Release|Any CPU
		{05B8FD06-1A31-44E7-8BDC-60A7C99B15B8}.Debug|Any CPU.ActiveCfg = Debug|Any CPU
		{05B8FD06-1A31-44E7-8BDC-60A7C99B15B8}.Debug|Any CPU.Build.0 = Debug|Any CPU
		{05B8FD06-1A31-44E7-8BDC-60A7C99B15B8}.Release|Any CPU.ActiveCfg = Release|Any CPU
		{05B8FD06-1A31-44E7-8BDC-60A7C99B15B8}.Release|Any CPU.Build.0 = Release|Any CPU
		{AE8C25E8-00FD-4874-9673-550132E4F1A9}.Debug|Any CPU.ActiveCfg = Debug|Any CPU
		{AE8C25E8-00FD-4874-9673-550132E4F1A9}.Debug|Any CPU.Build.0 = Debug|Any CPU
		{AE8C25E8-00FD-4874-9673-550132E4F1A9}.Release|Any CPU.ActiveCfg = Release|Any CPU
		{AE8C25E8-00FD-4874-9673-550132E4F1A9}.Release|Any CPU.Build.0 = Release|Any CPU
		{614BC5D6-7F39-459B-A1F1-E3FCD905054D}.Debug|Any CPU.ActiveCfg = Debug|Any CPU
		{614BC5D6-7F39-459B-A1F1-E3FCD905054D}.Debug|Any CPU.Build.0 = Debug|Any CPU
		{614BC5D6-7F39-459B-A1F1-E3FCD905054D}.Release|Any CPU.ActiveCfg = Release|Any CPU
		{614BC5D6-7F39-459B-A1F1-E3FCD905054D}.Release|Any CPU.Build.0 = Release|Any CPU
		{1CF43AD6-7858-4527-9435-644D9DA86146}.Debug|Any CPU.ActiveCfg = Debug|Any CPU
		{1CF43AD6-7858-4527-9435-644D9DA86146}.Debug|Any CPU.Build.0 = Debug|Any CPU
		{1CF43AD6-7858-4527-9435-644D9DA86146}.Release|Any CPU.ActiveCfg = Release|Any CPU
		{1CF43AD6-7858-4527-9435-644D9DA86146}.Release|Any CPU.Build.0 = Release|Any CPU
		{056E6BF1-CBDD-4590-9594-CD8A6F8D190E}.Debug|Any CPU.ActiveCfg = Debug|Any CPU
		{056E6BF1-CBDD-4590-9594-CD8A6F8D190E}.Debug|Any CPU.Build.0 = Debug|Any CPU
		{056E6BF1-CBDD-4590-9594-CD8A6F8D190E}.Release|Any CPU.ActiveCfg = Release|Any CPU
		{056E6BF1-CBDD-4590-9594-CD8A6F8D190E}.Release|Any CPU.Build.0 = Release|Any CPU
		{B809CBBD-897B-4BC1-94D3-8EE71E3A46B1}.Debug|Any CPU.ActiveCfg = Debug|Any CPU
		{B809CBBD-897B-4BC1-94D3-8EE71E3A46B1}.Debug|Any CPU.Build.0 = Debug|Any CPU
		{B809CBBD-897B-4BC1-94D3-8EE71E3A46B1}.Release|Any CPU.ActiveCfg = Release|Any CPU
		{B809CBBD-897B-4BC1-94D3-8EE71E3A46B1}.Release|Any CPU.Build.0 = Release|Any CPU
	EndGlobalSection
	GlobalSection(SolutionProperties) = preSolution
		HideSolutionNode = FALSE
	EndGlobalSection
	GlobalSection(ExtensibilityGlobals) = postSolution
		SolutionGuid = {EB79DEA4-2A1F-410C-B41D-AF2D708A5D60}
	EndGlobalSection
EndGlobal
